
Microsoft Visual Studio Solution File, Format Version 12.00
# Visual Studio Version 17
VisualStudioVersion = 17.1.32210.238
MinimumVisualStudioVersion = 10.0.40219.1
Project("{9A19103F-16F7-4668-BE54-9A1E7A4F7556}") = "Garuda.Host", "src\Host\Garuda.Host.csproj", "{B666E1AE-C674-4CBE-ABF2-8F84653E3B95}"
EndProject
Project("{2150E333-8FDC-42A3-9474-1A3956D46DE8}") = "Modules", "Modules", "{54CED449-03BA-405A-86B4-C01F242DADEE}"
EndProject
Project("{9A19103F-16F7-4668-BE54-9A1E7A4F7556}") = "Garuda.Infrastructure", "src\Infrastructure\Garuda.Infrastructure.csproj", "{411AB503-9BC1-4581-9C14-954975E303DF}"
EndProject
Project("{2150E333-8FDC-42A3-9474-1A3956D46DE8}") = "Database", "Database", "{88C6D9AE-B881-4939-BFD1-27FD0392CC7B}"
EndProject
Project("{9A19103F-16F7-4668-BE54-9A1E7A4F7556}") = "Garuda.Database.SqlServer", "src\Database\Garuda.Database.SqlServer\Garuda.Database.SqlServer.csproj", "{873C20DE-B97B-47C0-911A-0D3883F75926}"
EndProject
Project("{9A19103F-16F7-4668-BE54-9A1E7A4F7556}") = "Garuda.Database.Framework", "src\Database\Garuda.Database.Framework\Garuda.Database.Framework.csproj", "{59D2907A-D8BC-4143-AE35-71EAB6F1EE45}"
EndProject
Project("{2150E333-8FDC-42A3-9474-1A3956D46DE8}") = "Extension", "Extension", "{7DB3B6AD-F236-488E-959B-8460AD1706B2}"
EndProject
Project("{9A19103F-16F7-4668-BE54-9A1E7A4F7556}") = "Garuda.Extension", "src\Extension\Garuda.Extension\Garuda.Extension.csproj", "{E16AF69B-83A6-4988-B4F4-B21FAF471A0E}"
EndProject
Project("{2150E333-8FDC-42A3-9474-1A3956D46DE8}") = "Infrastructure", "Infrastructure", "{B80C1B4A-183A-48F6-B946-E8BFBD04E02A}"
EndProject
Project("{9A19103F-16F7-4668-BE54-9A1E7A4F7556}") = "Garuda.Modules.Common", "src\Modules\Garuda.Modules.Common\Garuda.Modules.Common.csproj", "{9EACE8E4-094B-4282-9DC4-83FC19685FF3}"
EndProject
Project("{9A19103F-16F7-4668-BE54-9A1E7A4F7556}") = "Garuda.Modules.Email", "src\Modules\Garuda.Modules.Email\Garuda.Modules.Email.csproj", "{A06495CB-16CB-419B-806E-1EF5402771BC}"
EndProject
Project("{9A19103F-16F7-4668-BE54-9A1E7A4F7556}") = "Garuda.Modules.Hangfire", "src\Modules\Garuda.Modules.Hangfire\Garuda.Modules.Hangfire.csproj", "{2CDB3FD5-17A4-43BF-AFEA-D5CF4EEBC4C5}"
EndProject
Project("{2150E333-8FDC-42A3-9474-1A3956D46DE8}") = "src", "src", "{3D7F5747-15CA-4B7E-90C3-4692F82E5875}"
EndProject
Project("{2150E333-8FDC-42A3-9474-1A3956D46DE8}") = "Solution Items", "Solution Items", "{E05F9202-3E1B-4FAD-82E9-E7ACE8FC882B}"
	ProjectSection(SolutionItems) = preProject
		stylecop.json = stylecop.json
		StyleCop.Ruleset = StyleCop.Ruleset
	EndProjectSection
EndProject
Project("{9A19103F-16F7-4668-BE54-9A1E7A4F7556}") = "Garuda.Database.Abstract", "src\Database\Garuda.Database.Abstract\Garuda.Database.Abstract.csproj", "{F7F5BD27-BFD7-4905-ABD0-E7F7E6A55828}"
EndProject
Project("{2150E333-8FDC-42A3-9474-1A3956D46DE8}") = "Filestorage", "Filestorage", "{CFC07DE9-C79A-431F-841E-2348A66EBA66}"
EndProject
Project("{9A19103F-16F7-4668-BE54-9A1E7A4F7556}") = "Garuda.Filestorage.OneDrive", "src\Filestorage\Garuda.Filestorage.Abstract\Garuda.Filestorage.OneDrive.csproj", "{CCE719A3-CCA1-4639-A986-9BF660EEDC26}"
EndProject
Project("{9A19103F-16F7-4668-BE54-9A1E7A4F7556}") = "Garuda.Filestorage", "src\Filestorage\Garuda.Filestorage\Garuda.Filestorage.csproj", "{5376726A-C15B-437F-ACF7-A21533A26B96}"
EndProject
Project("{9A19103F-16F7-4668-BE54-9A1E7A4F7556}") = "Garuda.Filestorage.Alfresco", "src\Filestorage\Garuda.Filestorage.Alfresco\Garuda.Filestorage.Alfresco.csproj", "{1A18DA7B-8571-46A2-846B-93C936594E21}"
EndProject
Project("{9A19103F-16F7-4668-BE54-9A1E7A4F7556}") = "Garuda.Database.Ldap", "src\Database\Garuda.Database.Ldap\Garuda.Database.Ldap.csproj", "{EB72D99E-4D79-4686-A1A1-082C68767090}"
EndProject
Project("{2150E333-8FDC-42A3-9474-1A3956D46DE8}") = "test", "test", "{ACE71490-80CC-4809-86D0-80918D3EF141}"
EndProject
Project("{2150E333-8FDC-42A3-9474-1A3956D46DE8}") = "Modules", "Modules", "{2A6C5CA9-3CB9-4647-9E3D-5F2DE1E5CBD3}"
EndProject
Project("{9A19103F-16F7-4668-BE54-9A1E7A4F7556}") = "Garuda.Modules.CommonTest", "test\Modules\Garuda.Modules.CommonTest\Garuda.Modules.CommonTest.csproj", "{C5820974-1AD3-46DC-810B-D100EAF5E104}"
EndProject
Project("{9A19103F-16F7-4668-BE54-9A1E7A4F7556}") = "Garuda.Modules.EmailTest", "test\Modules\Garuda.Modules.EmailTest\Garuda.Modules.EmailTest.csproj", "{0E0CEAE2-7E90-47E8-AAD5-5FC139D177B2}"
EndProject
Project("{9A19103F-16F7-4668-BE54-9A1E7A4F7556}") = "Garuda.Modules.HangfireTest", "test\Modules\Garuda.Modules.HangfireTest\Garuda.Modules.HangfireTest.csproj", "{E48BCF5E-A2CF-45C6-8043-8547763A33F7}"
EndProject
Project("{2150E333-8FDC-42A3-9474-1A3956D46DE8}") = "Filestorage", "Filestorage", "{11232051-592A-4C2A-B73C-8C2C9EB57B09}"
EndProject
Project("{9A19103F-16F7-4668-BE54-9A1E7A4F7556}") = "Garuda.Filestorage.AlfrescoTest", "test\Filestorage\Garuda.Filestorage.AlfrescoTest\Garuda.Filestorage.AlfrescoTest.csproj", "{365DDC85-3EA5-479A-9781-498A708EE5DE}"
EndProject
Project("{9A19103F-16F7-4668-BE54-9A1E7A4F7556}") = "Garuda.Filestorage.OneDriveTest", "test\Filestorage\Garuda.Filestorage.OneDriveTest\Garuda.Filestorage.OneDriveTest.csproj", "{CA46E9D4-6574-4687-AC04-7AF92BDA5DE7}"
EndProject
Project("{2150E333-8FDC-42A3-9474-1A3956D46DE8}") = "Infrastructure", "Infrastructure", "{9B553B40-DDCD-4890-81F5-BFC06703420B}"
EndProject
Project("{9A19103F-16F7-4668-BE54-9A1E7A4F7556}") = "Garuda.InfrastructureTest", "test\Infrastructure\Garuda.Infrastructure\Garuda.InfrastructureTest.csproj", "{F7CCBDAB-7E4D-4926-9036-9B53E8C752C8}"
EndProject
Project("{9A19103F-16F7-4668-BE54-9A1E7A4F7556}") = "Garuda.Modules.Auth", "src\Modules\Garuda.Modules.Auth\Garuda.Modules.Auth.csproj", "{25EF4FDA-2BF9-44F9-966D-187416CCADAE}"
EndProject
Project("{9A19103F-16F7-4668-BE54-9A1E7A4F7556}") = "Garuda.Database.PostgreSql", "src\Database\Garuda.Database.PostgreSql\Garuda.Database.PostgreSql.csproj", "{8B58A5F3-64CA-4EFA-83E6-2F9EF0687E0D}"
EndProject
Global
	GlobalSection(SolutionConfigurationPlatforms) = preSolution
		Debug|Any CPU = Debug|Any CPU
		Release|Any CPU = Release|Any CPU
	EndGlobalSection
	GlobalSection(ProjectConfigurationPlatforms) = postSolution
		{B666E1AE-C674-4CBE-ABF2-8F84653E3B95}.Debug|Any CPU.ActiveCfg = Debug|Any CPU
		{B666E1AE-C674-4CBE-ABF2-8F84653E3B95}.Debug|Any CPU.Build.0 = Debug|Any CPU
		{B666E1AE-C674-4CBE-ABF2-8F84653E3B95}.Release|Any CPU.ActiveCfg = Release|Any CPU
		{B666E1AE-C674-4CBE-ABF2-8F84653E3B95}.Release|Any CPU.Build.0 = Release|Any CPU
		{411AB503-9BC1-4581-9C14-954975E303DF}.Debug|Any CPU.ActiveCfg = Debug|Any CPU
		{411AB503-9BC1-4581-9C14-954975E303DF}.Debug|Any CPU.Build.0 = Debug|Any CPU
		{411AB503-9BC1-4581-9C14-954975E303DF}.Release|Any CPU.ActiveCfg = Release|Any CPU
		{411AB503-9BC1-4581-9C14-954975E303DF}.Release|Any CPU.Build.0 = Release|Any CPU
		{873C20DE-B97B-47C0-911A-0D3883F75926}.Debug|Any CPU.ActiveCfg = Debug|Any CPU
		{873C20DE-B97B-47C0-911A-0D3883F75926}.Debug|Any CPU.Build.0 = Debug|Any CPU
		{873C20DE-B97B-47C0-911A-0D3883F75926}.Release|Any CPU.ActiveCfg = Release|Any CPU
		{873C20DE-B97B-47C0-911A-0D3883F75926}.Release|Any CPU.Build.0 = Release|Any CPU
		{59D2907A-D8BC-4143-AE35-71EAB6F1EE45}.Debug|Any CPU.ActiveCfg = Debug|Any CPU
		{59D2907A-D8BC-4143-AE35-71EAB6F1EE45}.Debug|Any CPU.Build.0 = Debug|Any CPU
		{59D2907A-D8BC-4143-AE35-71EAB6F1EE45}.Release|Any CPU.ActiveCfg = Release|Any CPU
		{59D2907A-D8BC-4143-AE35-71EAB6F1EE45}.Release|Any CPU.Build.0 = Release|Any CPU
		{E16AF69B-83A6-4988-B4F4-B21FAF471A0E}.Debug|Any CPU.ActiveCfg = Debug|Any CPU
		{E16AF69B-83A6-4988-B4F4-B21FAF471A0E}.Debug|Any CPU.Build.0 = Debug|Any CPU
		{E16AF69B-83A6-4988-B4F4-B21FAF471A0E}.Release|Any CPU.ActiveCfg = Release|Any CPU
		{E16AF69B-83A6-4988-B4F4-B21FAF471A0E}.Release|Any CPU.Build.0 = Release|Any CPU
		{9EACE8E4-094B-4282-9DC4-83FC19685FF3}.Debug|Any CPU.ActiveCfg = Debug|Any CPU
		{9EACE8E4-094B-4282-9DC4-83FC19685FF3}.Debug|Any CPU.Build.0 = Debug|Any CPU
		{9EACE8E4-094B-4282-9DC4-83FC19685FF3}.Release|Any CPU.ActiveCfg = Release|Any CPU
		{9EACE8E4-094B-4282-9DC4-83FC19685FF3}.Release|Any CPU.Build.0 = Release|Any CPU
		{A06495CB-16CB-419B-806E-1EF5402771BC}.Debug|Any CPU.ActiveCfg = Debug|Any CPU
		{A06495CB-16CB-419B-806E-1EF5402771BC}.Debug|Any CPU.Build.0 = Debug|Any CPU
		{A06495CB-16CB-419B-806E-1EF5402771BC}.Release|Any CPU.ActiveCfg = Release|Any CPU
		{A06495CB-16CB-419B-806E-1EF5402771BC}.Release|Any CPU.Build.0 = Release|Any CPU
		{2CDB3FD5-17A4-43BF-AFEA-D5CF4EEBC4C5}.Debug|Any CPU.ActiveCfg = Debug|Any CPU
		{2CDB3FD5-17A4-43BF-AFEA-D5CF4EEBC4C5}.Debug|Any CPU.Build.0 = Debug|Any CPU
		{2CDB3FD5-17A4-43BF-AFEA-D5CF4EEBC4C5}.Release|Any CPU.ActiveCfg = Release|Any CPU
		{2CDB3FD5-17A4-43BF-AFEA-D5CF4EEBC4C5}.Release|Any CPU.Build.0 = Release|Any CPU
		{F7F5BD27-BFD7-4905-ABD0-E7F7E6A55828}.Debug|Any CPU.ActiveCfg = Debug|Any CPU
		{F7F5BD27-BFD7-4905-ABD0-E7F7E6A55828}.Debug|Any CPU.Build.0 = Debug|Any CPU
		{F7F5BD27-BFD7-4905-ABD0-E7F7E6A55828}.Release|Any CPU.ActiveCfg = Release|Any CPU
		{F7F5BD27-BFD7-4905-ABD0-E7F7E6A55828}.Release|Any CPU.Build.0 = Release|Any CPU
		{CCE719A3-CCA1-4639-A986-9BF660EEDC26}.Debug|Any CPU.ActiveCfg = Debug|Any CPU
		{CCE719A3-CCA1-4639-A986-9BF660EEDC26}.Debug|Any CPU.Build.0 = Debug|Any CPU
		{CCE719A3-CCA1-4639-A986-9BF660EEDC26}.Release|Any CPU.ActiveCfg = Release|Any CPU
		{CCE719A3-CCA1-4639-A986-9BF660EEDC26}.Release|Any CPU.Build.0 = Release|Any CPU
		{5376726A-C15B-437F-ACF7-A21533A26B96}.Debug|Any CPU.ActiveCfg = Debug|Any CPU
		{5376726A-C15B-437F-ACF7-A21533A26B96}.Debug|Any CPU.Build.0 = Debug|Any CPU
		{5376726A-C15B-437F-ACF7-A21533A26B96}.Release|Any CPU.ActiveCfg = Release|Any CPU
		{5376726A-C15B-437F-ACF7-A21533A26B96}.Release|Any CPU.Build.0 = Release|Any CPU
		{1A18DA7B-8571-46A2-846B-93C936594E21}.Debug|Any CPU.ActiveCfg = Debug|Any CPU
		{1A18DA7B-8571-46A2-846B-93C936594E21}.Debug|Any CPU.Build.0 = Debug|Any CPU
		{1A18DA7B-8571-46A2-846B-93C936594E21}.Release|Any CPU.ActiveCfg = Release|Any CPU
		{1A18DA7B-8571-46A2-846B-93C936594E21}.Release|Any CPU.Build.0 = Release|Any CPU
		{EB72D99E-4D79-4686-A1A1-082C68767090}.Debug|Any CPU.ActiveCfg = Debug|Any CPU
		{EB72D99E-4D79-4686-A1A1-082C68767090}.Debug|Any CPU.Build.0 = Debug|Any CPU
		{EB72D99E-4D79-4686-A1A1-082C68767090}.Release|Any CPU.ActiveCfg = Release|Any CPU
		{EB72D99E-4D79-4686-A1A1-082C68767090}.Release|Any CPU.Build.0 = Release|Any CPU
		{C5820974-1AD3-46DC-810B-D100EAF5E104}.Debug|Any CPU.ActiveCfg = Debug|Any CPU
		{C5820974-1AD3-46DC-810B-D100EAF5E104}.Debug|Any CPU.Build.0 = Debug|Any CPU
		{C5820974-1AD3-46DC-810B-D100EAF5E104}.Release|Any CPU.ActiveCfg = Release|Any CPU
		{C5820974-1AD3-46DC-810B-D100EAF5E104}.Release|Any CPU.Build.0 = Release|Any CPU
		{0E0CEAE2-7E90-47E8-AAD5-5FC139D177B2}.Debug|Any CPU.ActiveCfg = Debug|Any CPU
		{0E0CEAE2-7E90-47E8-AAD5-5FC139D177B2}.Debug|Any CPU.Build.0 = Debug|Any CPU
		{0E0CEAE2-7E90-47E8-AAD5-5FC139D177B2}.Release|Any CPU.ActiveCfg = Release|Any CPU
		{0E0CEAE2-7E90-47E8-AAD5-5FC139D177B2}.Release|Any CPU.Build.0 = Release|Any CPU
		{E48BCF5E-A2CF-45C6-8043-8547763A33F7}.Debug|Any CPU.ActiveCfg = Debug|Any CPU
		{E48BCF5E-A2CF-45C6-8043-8547763A33F7}.Debug|Any CPU.Build.0 = Debug|Any CPU
		{E48BCF5E-A2CF-45C6-8043-8547763A33F7}.Release|Any CPU.ActiveCfg = Release|Any CPU
		{E48BCF5E-A2CF-45C6-8043-8547763A33F7}.Release|Any CPU.Build.0 = Release|Any CPU
		{365DDC85-3EA5-479A-9781-498A708EE5DE}.Debug|Any CPU.ActiveCfg = Debug|Any CPU
		{365DDC85-3EA5-479A-9781-498A708EE5DE}.Debug|Any CPU.Build.0 = Debug|Any CPU
		{365DDC85-3EA5-479A-9781-498A708EE5DE}.Release|Any CPU.ActiveCfg = Release|Any CPU
		{365DDC85-3EA5-479A-9781-498A708EE5DE}.Release|Any CPU.Build.0 = Release|Any CPU
		{CA46E9D4-6574-4687-AC04-7AF92BDA5DE7}.Debug|Any CPU.ActiveCfg = Debug|Any CPU
		{CA46E9D4-6574-4687-AC04-7AF92BDA5DE7}.Debug|Any CPU.Build.0 = Debug|Any CPU
		{CA46E9D4-6574-4687-AC04-7AF92BDA5DE7}.Release|Any CPU.ActiveCfg = Release|Any CPU
		{CA46E9D4-6574-4687-AC04-7AF92BDA5DE7}.Release|Any CPU.Build.0 = Release|Any CPU
		{F7CCBDAB-7E4D-4926-9036-9B53E8C752C8}.Debug|Any CPU.ActiveCfg = Debug|Any CPU
		{F7CCBDAB-7E4D-4926-9036-9B53E8C752C8}.Debug|Any CPU.Build.0 = Debug|Any CPU
		{F7CCBDAB-7E4D-4926-9036-9B53E8C752C8}.Release|Any CPU.ActiveCfg = Release|Any CPU
		{F7CCBDAB-7E4D-4926-9036-9B53E8C752C8}.Release|Any CPU.Build.0 = Release|Any CPU
		{25EF4FDA-2BF9-44F9-966D-187416CCADAE}.Debug|Any CPU.ActiveCfg = Debug|Any CPU
		{25EF4FDA-2BF9-44F9-966D-187416CCADAE}.Debug|Any CPU.Build.0 = Debug|Any CPU
		{25EF4FDA-2BF9-44F9-966D-187416CCADAE}.Release|Any CPU.ActiveCfg = Release|Any CPU
		{25EF4FDA-2BF9-44F9-966D-187416CCADAE}.Release|Any CPU.Build.0 = Release|Any CPU
		{8B58A5F3-64CA-4EFA-83E6-2F9EF0687E0D}.Debug|Any CPU.ActiveCfg = Debug|Any CPU
		{8B58A5F3-64CA-4EFA-83E6-2F9EF0687E0D}.Debug|Any CPU.Build.0 = Debug|Any CPU
		{8B58A5F3-64CA-4EFA-83E6-2F9EF0687E0D}.Release|Any CPU.ActiveCfg = Release|Any CPU
		{8B58A5F3-64CA-4EFA-83E6-2F9EF0687E0D}.Release|Any CPU.Build.0 = Release|Any CPU
	EndGlobalSection
	GlobalSection(SolutionProperties) = preSolution
		HideSolutionNode = FALSE
	EndGlobalSection
	GlobalSection(NestedProjects) = preSolution
		{B666E1AE-C674-4CBE-ABF2-8F84653E3B95} = {3D7F5747-15CA-4B7E-90C3-4692F82E5875}
		{54CED449-03BA-405A-86B4-C01F242DADEE} = {3D7F5747-15CA-4B7E-90C3-4692F82E5875}
		{411AB503-9BC1-4581-9C14-954975E303DF} = {B80C1B4A-183A-48F6-B946-E8BFBD04E02A}
		{88C6D9AE-B881-4939-BFD1-27FD0392CC7B} = {3D7F5747-15CA-4B7E-90C3-4692F82E5875}
		{873C20DE-B97B-47C0-911A-0D3883F75926} = {88C6D9AE-B881-4939-BFD1-27FD0392CC7B}
		{59D2907A-D8BC-4143-AE35-71EAB6F1EE45} = {88C6D9AE-B881-4939-BFD1-27FD0392CC7B}
		{7DB3B6AD-F236-488E-959B-8460AD1706B2} = {3D7F5747-15CA-4B7E-90C3-4692F82E5875}
		{E16AF69B-83A6-4988-B4F4-B21FAF471A0E} = {7DB3B6AD-F236-488E-959B-8460AD1706B2}
		{B80C1B4A-183A-48F6-B946-E8BFBD04E02A} = {3D7F5747-15CA-4B7E-90C3-4692F82E5875}
		{9EACE8E4-094B-4282-9DC4-83FC19685FF3} = {54CED449-03BA-405A-86B4-C01F242DADEE}
		{A06495CB-16CB-419B-806E-1EF5402771BC} = {54CED449-03BA-405A-86B4-C01F242DADEE}
		{2CDB3FD5-17A4-43BF-AFEA-D5CF4EEBC4C5} = {54CED449-03BA-405A-86B4-C01F242DADEE}
		{F7F5BD27-BFD7-4905-ABD0-E7F7E6A55828} = {88C6D9AE-B881-4939-BFD1-27FD0392CC7B}
		{CFC07DE9-C79A-431F-841E-2348A66EBA66} = {3D7F5747-15CA-4B7E-90C3-4692F82E5875}
		{CCE719A3-CCA1-4639-A986-9BF660EEDC26} = {CFC07DE9-C79A-431F-841E-2348A66EBA66}
		{5376726A-C15B-437F-ACF7-A21533A26B96} = {CFC07DE9-C79A-431F-841E-2348A66EBA66}
		{1A18DA7B-8571-46A2-846B-93C936594E21} = {CFC07DE9-C79A-431F-841E-2348A66EBA66}
		{EB72D99E-4D79-4686-A1A1-082C68767090} = {88C6D9AE-B881-4939-BFD1-27FD0392CC7B}
		{2A6C5CA9-3CB9-4647-9E3D-5F2DE1E5CBD3} = {ACE71490-80CC-4809-86D0-80918D3EF141}
		{C5820974-1AD3-46DC-810B-D100EAF5E104} = {2A6C5CA9-3CB9-4647-9E3D-5F2DE1E5CBD3}
		{0E0CEAE2-7E90-47E8-AAD5-5FC139D177B2} = {2A6C5CA9-3CB9-4647-9E3D-5F2DE1E5CBD3}
		{E48BCF5E-A2CF-45C6-8043-8547763A33F7} = {2A6C5CA9-3CB9-4647-9E3D-5F2DE1E5CBD3}
		{11232051-592A-4C2A-B73C-8C2C9EB57B09} = {ACE71490-80CC-4809-86D0-80918D3EF141}
		{365DDC85-3EA5-479A-9781-498A708EE5DE} = {11232051-592A-4C2A-B73C-8C2C9EB57B09}
		{CA46E9D4-6574-4687-AC04-7AF92BDA5DE7} = {11232051-592A-4C2A-B73C-8C2C9EB57B09}
		{9B553B40-DDCD-4890-81F5-BFC06703420B} = {ACE71490-80CC-4809-86D0-80918D3EF141}
		{F7CCBDAB-7E4D-4926-9036-9B53E8C752C8} = {9B553B40-DDCD-4890-81F5-BFC06703420B}
		{25EF4FDA-2BF9-44F9-966D-187416CCADAE} = {54CED449-03BA-405A-86B4-C01F242DADEE}
		{8B58A5F3-64CA-4EFA-83E6-2F9EF0687E0D} = {88C6D9AE-B881-4939-BFD1-27FD0392CC7B}
	EndGlobalSection
	GlobalSection(ExtensibilityGlobals) = postSolution
		SolutionGuid = {DAB733E5-DED5-46F5-804D-A22236FE8474}
	EndGlobalSection
EndGlobal
